# This file is automatically @generated by Poetry 2.2.1 and should not be changed by hand.

[[package]]
name = "astroid"
version = "4.0.2"
description = "An abstract syntax tree for Python with inference support."
optional = false
python-versions = ">=3.10.0"
groups = ["dev"]
files = [
    {file = "astroid-4.0.2-py3-none-any.whl", hash = "sha256:d7546c00a12efc32650b19a2bb66a153883185d3179ab0d4868086f807338b9b"},
    {file = "astroid-4.0.2.tar.gz", hash = "sha256:ac8fb7ca1c08eb9afec91ccc23edbd8ac73bb22cbdd7da1d488d9fb8d6579070"},
]

[[package]]
name = "colorama"
version = "0.4.6"
description = "Cross-platform colored terminal text."
optional = false
python-versions = "!=3.0.*,!=3.1.*,!=3.2.*,!=3.3.*,!=3.4.*,!=3.5.*,!=3.6.*,>=2.7"
groups = ["dev"]
markers = "sys_platform == \"win32\""
files = [
    {file = "colorama-0.4.6-py2.py3-none-any.whl", hash = "sha256:4f1d9991f5acc0ca119f9d443620b77f9d6b33703e51011c16baf57afb285fc6"},
    {file = "colorama-0.4.6.tar.gz", hash = "sha256:08695f5cb7ed6e0531a20572697297273c47b8cae5a63ffc6d6ed5c201be6e44"},
]

[[package]]
name = "dill"
version = "0.4.0"
description = "serialize all of Python"
optional = false
python-versions = ">=3.8"
groups = ["dev"]
files = [
    {file = "dill-0.4.0-py3-none-any.whl", hash = "sha256:44f54bf6412c2c8464c14e8243eb163690a9800dbe2c367330883b19c7561049"},
    {file = "dill-0.4.0.tar.gz", hash = "sha256:0633f1d2df477324f53a895b02c901fb961bdbf65a17122586ea7019292cbcf0"},
]

[package.extras]
graph = ["objgraph (>=1.7.2)"]
profile = ["gprof2dot (>=2022.7.29)"]

[[package]]
name = "isort"
version = "7.0.0"
description = "A Python utility / library to sort Python imports."
optional = false
python-versions = ">=3.10.0"
groups = ["dev"]
files = [
    {file = "isort-7.0.0-py3-none-any.whl", hash = "sha256:1bcabac8bc3c36c7fb7b98a76c8abb18e0f841a3ba81decac7691008592499c1"},
    {file = "isort-7.0.0.tar.gz", hash = "sha256:5513527951aadb3ac4292a41a16cbc50dd1642432f5e8c20057d414bdafb4187"},
]

[package.extras]
colors = ["colorama"]
plugins = ["setuptools"]

[[package]]
name = "mccabe"
version = "0.7.0"
description = "McCabe checker, plugin for flake8"
optional = false
python-versions = ">=3.6"
groups = ["dev"]
files = [
    {file = "mccabe-0.7.0-py2.py3-none-any.whl", hash = "sha256:6c2d30ab6be0e4a46919781807b4f0d834ebdd6c6e3dca0bda5a15f863427b6e"},
    {file = "mccabe-0.7.0.tar.gz", hash = "sha256:348e0240c33b60bbdf4e523192ef919f28cb2c3d7d5c7794f74009290f236325"},
]

[[package]]
name = "platformdirs"
version = "4.5.0"
description = "A small Python package for determining appropriate platform-specific dirs, e.g. a `user data dir`."
optional = false
python-versions = ">=3.10"
groups = ["dev"]
files = [
    {file = "platformdirs-4.5.0-py3-none-any.whl", hash = "sha256:e578a81bb873cbb89a41fcc904c7ef523cc18284b7e3b3ccf06aca1403b7ebd3"},
    {file = "platformdirs-4.5.0.tar.gz", hash = "sha256:70ddccdd7c99fc5942e9fc25636a8b34d04c24b335100223152c2803e4063312"},
]

[package.extras]
docs = ["furo (>=2025.9.25)", "proselint (>=0.14)", "sphinx (>=8.2.3)", "sphinx-autodoc-typehints (>=3.2)"]
test = ["appdirs (==1.4.4)", "covdefaults (>=2.3)", "pytest (>=8.4.2)", "pytest-cov (>=7)", "pytest-mock (>=3.15.1)"]
type = ["mypy (>=1.18.2)"]

[[package]]
name = "pylint"
version = "4.0.3"
description = "python code static checker"
optional = false
python-versions = ">=3.10.0"
groups = ["dev"]
files = [
    {file = "pylint-4.0.3-py3-none-any.whl", hash = "sha256:896d09afb0e78bbf2e030cd1f3d8dc92771a51f7e46828cbc3948a89cd03433a"},
    {file = "pylint-4.0.3.tar.gz", hash = "sha256:a427fe76e0e5355e9fb9b604fd106c419cafb395886ba7f3cebebb03f30e081d"},
]

[package.dependencies]
astroid = ">=4.0.2,<=4.1.dev0"
colorama = {version = ">=0.4.5", markers = "sys_platform == \"win32\""}
dill = {version = ">=0.3.7", markers = "python_version >= \"3.12\""}
isort = ">=5,<5.13 || >5.13,<8"
mccabe = ">=0.6,<0.8"
platformdirs = ">=2.2"
tomlkit = ">=0.10.1"

[package.extras]
spelling = ["pyenchant (>=3.2,<4.0)"]
testutils = ["gitpython (>3)"]

[[package]]
name = "tomlkit"
version = "0.13.3"
description = "Style preserving TOML library"
optional = false
python-versions = ">=3.8"
groups = ["dev"]
files = [
    {file = "tomlkit-0.13.3-py3-none-any.whl", hash = "sha256:c89c649d79ee40629a9fda55f8ace8c6a1b42deb912b2a8fd8d942ddadb606b0"},
    {file = "tomlkit-0.13.3.tar.gz", hash = "sha256:430cf247ee57df2b94ee3fbe588e71d362a941ebb545dec29b53961d61add2a1"},
]

[metadata]
lock-version = "2.1"
python-versions = ">=3.14"
content-hash = "a17e7643ed4aefa81470391aa6cad48a796709c4f4bc8d4f3c99db84a3c428dd"
